// !$*UTF8*$!
{
	archiveVersion = 1;
	classes = {
	};
	objectVersion = 46;
	objects = {

/* Begin PBXBuildFile section */
		11239E150434625B36AA3120 /* Pods_TrackUITests.framework in Frameworks */ = {isa = PBXBuildFile; fileRef = 60311EA62C719B42BEAB4AE1 /* Pods_TrackUITests.framework */; };
		4339FF701D3AD07100CF0EDF /* AppDelegate.swift in Sources */ = {isa = PBXBuildFile; fileRef = 4339FF6F1D3AD07100CF0EDF /* AppDelegate.swift */; };
		4339FF751D3AD07100CF0EDF /* Main.storyboard in Resources */ = {isa = PBXBuildFile; fileRef = 4339FF731D3AD07100CF0EDF /* Main.storyboard */; };
		4339FF771D3AD07100CF0EDF /* Assets.xcassets in Resources */ = {isa = PBXBuildFile; fileRef = 4339FF761D3AD07100CF0EDF /* Assets.xcassets */; };
		4339FF7A1D3AD07100CF0EDF /* LaunchScreen.storyboard in Resources */ = {isa = PBXBuildFile; fileRef = 4339FF781D3AD07100CF0EDF /* LaunchScreen.storyboard */; };
		4339FF851D3AD07100CF0EDF /* TrackTests.swift in Sources */ = {isa = PBXBuildFile; fileRef = 4339FF841D3AD07100CF0EDF /* TrackTests.swift */; };
		4339FF901D3AD07100CF0EDF /* TrackUITests.swift in Sources */ = {isa = PBXBuildFile; fileRef = 4339FF8F1D3AD07100CF0EDF /* TrackUITests.swift */; };
		4339FF9E1D3AD0A200CF0EDF /* GoogleService-Info.plist in Resources */ = {isa = PBXBuildFile; fileRef = 4339FF9D1D3AD0A200CF0EDF /* GoogleService-Info.plist */; };
		4339FFA21D3AEE0500CF0EDF /* LoginViewController.swift in Sources */ = {isa = PBXBuildFile; fileRef = 4339FFA11D3AEE0500CF0EDF /* LoginViewController.swift */; };
		4339FFA51D3C068700CF0EDF /* MapViewController.swift in Sources */ = {isa = PBXBuildFile; fileRef = 4339FFA41D3C068700CF0EDF /* MapViewController.swift */; };
		4339FFA81D3C08DA00CF0EDF /* PhotoViewController.swift in Sources */ = {isa = PBXBuildFile; fileRef = 4339FFA61D3C08DA00CF0EDF /* PhotoViewController.swift */; };
		4339FFA91D3C08DA00CF0EDF /* Track.swift in Sources */ = {isa = PBXBuildFile; fileRef = 4339FFA71D3C08DA00CF0EDF /* Track.swift */; };
		4339FFAD1D3C12A700CF0EDF /* CoreLocation.framework in Frameworks */ = {isa = PBXBuildFile; fileRef = 4339FFAC1D3C12A700CF0EDF /* CoreLocation.framework */; };
		4339FFAF1D3C12C900CF0EDF /* MapKit.framework in Frameworks */ = {isa = PBXBuildFile; fileRef = 4339FFAE1D3C12C900CF0EDF /* MapKit.framework */; };
		436997C51D666A7900F8644A /* ProfileViewController.swift in Sources */ = {isa = PBXBuildFile; fileRef = 436997C41D666A7900F8644A /* ProfileViewController.swift */; };
		43954B651D3D65FC00ED41A4 /* FirebaseHelper.swift in Sources */ = {isa = PBXBuildFile; fileRef = 43954B641D3D65FC00ED41A4 /* FirebaseHelper.swift */; };
		43B3CE441D5A8106003F5021 /* Footprint.swift in Sources */ = {isa = PBXBuildFile; fileRef = 43B3CE431D5A8106003F5021 /* Footprint.swift */; };
		43B3CE461D5AB1CF003F5021 /* blue.png in Resources */ = {isa = PBXBuildFile; fileRef = 43B3CE451D5AB1CF003F5021 /* blue.png */; };
		43B3CE481D5AB1D7003F5021 /* default.png in Resources */ = {isa = PBXBuildFile; fileRef = 43B3CE471D5AB1D7003F5021 /* default.png */; };
		43B3CE4A1D5AB1DB003F5021 /* purple.png in Resources */ = {isa = PBXBuildFile; fileRef = 43B3CE491D5AB1DB003F5021 /* purple.png */; };
		43B3CE4C1D5AB1E1003F5021 /* red.png in Resources */ = {isa = PBXBuildFile; fileRef = 43B3CE4B1D5AB1E1003F5021 /* red.png */; };
		43B3CE4E1D5BE087003F5021 /* AddTrackViewController.swift in Sources */ = {isa = PBXBuildFile; fileRef = 43B3CE4D1D5BE087003F5021 /* AddTrackViewController.swift */; };
		43BB347C1D67818300AAA151 /* FootprintsTableViewController.swift in Sources */ = {isa = PBXBuildFile; fileRef = 43BB347B1D67818300AAA151 /* FootprintsTableViewController.swift */; };
		43BB347E1D678A8000AAA151 /* FootprintViewController.swift in Sources */ = {isa = PBXBuildFile; fileRef = 43BB347D1D678A8000AAA151 /* FootprintViewController.swift */; };
		43BB34801D67DDC500AAA151 /* ProfileCollectionViewCell.swift in Sources */ = {isa = PBXBuildFile; fileRef = 43BB347F1D67DDC500AAA151 /* ProfileCollectionViewCell.swift */; };
		43BB34821D67E26C00AAA151 /* FootprintTableViewCell.swift in Sources */ = {isa = PBXBuildFile; fileRef = 43BB34811D67E26C00AAA151 /* FootprintTableViewCell.swift */; };
		43D6EE631D418C6900A2DF31 /* User.swift in Sources */ = {isa = PBXBuildFile; fileRef = 43D6EE621D418C6900A2DF31 /* User.swift */; };
		80716D0B09302EDD9CDCFF1D /* Pods_Track.framework in Frameworks */ = {isa = PBXBuildFile; fileRef = 2DECB8F5B21EA16FE76BE8C0 /* Pods_Track.framework */; };
		9D32F4C32CD23ECF50ABF880 /* Pods_TrackTests.framework in Frameworks */ = {isa = PBXBuildFile; fileRef = 271997515E6E0983A89A0111 /* Pods_TrackTests.framework */; };
/* End PBXBuildFile section */

/* Begin PBXContainerItemProxy section */
		4339FF811D3AD07100CF0EDF /* PBXContainerItemProxy */ = {
			isa = PBXContainerItemProxy;
			containerPortal = 4339FF641D3AD07100CF0EDF /* Project object */;
			proxyType = 1;
			remoteGlobalIDString = 4339FF6B1D3AD07100CF0EDF;
			remoteInfo = Track;
		};
		4339FF8C1D3AD07100CF0EDF /* PBXContainerItemProxy */ = {
			isa = PBXContainerItemProxy;
			containerPortal = 4339FF641D3AD07100CF0EDF /* Project object */;
			proxyType = 1;
			remoteGlobalIDString = 4339FF6B1D3AD07100CF0EDF;
			remoteInfo = Track;
		};
/* End PBXContainerItemProxy section */

/* Begin PBXFileReference section */
		252C320F0C364D30DEA0DB59 /* Pods-Track.release.xcconfig */ = {isa = PBXFileReference; includeInIndex = 1; lastKnownFileType = text.xcconfig; name = "Pods-Track.release.xcconfig"; path = "Pods/Target Support Files/Pods-Track/Pods-Track.release.xcconfig"; sourceTree = "<group>"; };
		271997515E6E0983A89A0111 /* Pods_TrackTests.framework */ = {isa = PBXFileReference; explicitFileType = wrapper.framework; includeInIndex = 0; path = Pods_TrackTests.framework; sourceTree = BUILT_PRODUCTS_DIR; };
		2DECB8F5B21EA16FE76BE8C0 /* Pods_Track.framework */ = {isa = PBXFileReference; explicitFileType = wrapper.framework; includeInIndex = 0; path = Pods_Track.framework; sourceTree = BUILT_PRODUCTS_DIR; };
		3DEFEBBFCC19AE1F1E85CB49 /* Pods-TrackUITests.release.xcconfig */ = {isa = PBXFileReference; includeInIndex = 1; lastKnownFileType = text.xcconfig; name = "Pods-TrackUITests.release.xcconfig"; path = "Pods/Target Support Files/Pods-TrackUITests/Pods-TrackUITests.release.xcconfig"; sourceTree = "<group>"; };
		4339FF6C1D3AD07100CF0EDF /* Track.app */ = {isa = PBXFileReference; explicitFileType = wrapper.application; includeInIndex = 0; path = Track.app; sourceTree = BUILT_PRODUCTS_DIR; };
		4339FF6F1D3AD07100CF0EDF /* AppDelegate.swift */ = {isa = PBXFileReference; lastKnownFileType = sourcecode.swift; path = AppDelegate.swift; sourceTree = "<group>"; };
		4339FF741D3AD07100CF0EDF /* Base */ = {isa = PBXFileReference; lastKnownFileType = file.storyboard; name = Base; path = Base.lproj/Main.storyboard; sourceTree = "<group>"; };
		4339FF761D3AD07100CF0EDF /* Assets.xcassets */ = {isa = PBXFileReference; lastKnownFileType = folder.assetcatalog; path = Assets.xcassets; sourceTree = "<group>"; };
		4339FF791D3AD07100CF0EDF /* Base */ = {isa = PBXFileReference; lastKnownFileType = file.storyboard; name = Base; path = Base.lproj/LaunchScreen.storyboard; sourceTree = "<group>"; };
		4339FF7B1D3AD07100CF0EDF /* Info.plist */ = {isa = PBXFileReference; lastKnownFileType = text.plist.xml; path = Info.plist; sourceTree = "<group>"; };
		4339FF801D3AD07100CF0EDF /* TrackTests.xctest */ = {isa = PBXFileReference; explicitFileType = wrapper.cfbundle; includeInIndex = 0; path = TrackTests.xctest; sourceTree = BUILT_PRODUCTS_DIR; };
		4339FF841D3AD07100CF0EDF /* TrackTests.swift */ = {isa = PBXFileReference; lastKnownFileType = sourcecode.swift; path = TrackTests.swift; sourceTree = "<group>"; };
		4339FF861D3AD07100CF0EDF /* Info.plist */ = {isa = PBXFileReference; lastKnownFileType = text.plist.xml; path = Info.plist; sourceTree = "<group>"; };
		4339FF8B1D3AD07100CF0EDF /* TrackUITests.xctest */ = {isa = PBXFileReference; explicitFileType = wrapper.cfbundle; includeInIndex = 0; path = TrackUITests.xctest; sourceTree = BUILT_PRODUCTS_DIR; };
		4339FF8F1D3AD07100CF0EDF /* TrackUITests.swift */ = {isa = PBXFileReference; lastKnownFileType = sourcecode.swift; path = TrackUITests.swift; sourceTree = "<group>"; };
		4339FF911D3AD07100CF0EDF /* Info.plist */ = {isa = PBXFileReference; lastKnownFileType = text.plist.xml; path = Info.plist; sourceTree = "<group>"; };
		4339FF9D1D3AD0A200CF0EDF /* GoogleService-Info.plist */ = {isa = PBXFileReference; fileEncoding = 4; lastKnownFileType = text.plist.xml; path = "GoogleService-Info.plist"; sourceTree = "<group>"; };
		4339FFA11D3AEE0500CF0EDF /* LoginViewController.swift */ = {isa = PBXFileReference; fileEncoding = 4; lastKnownFileType = sourcecode.swift; path = LoginViewController.swift; sourceTree = "<group>"; };
		4339FFA41D3C068700CF0EDF /* MapViewController.swift */ = {isa = PBXFileReference; fileEncoding = 4; lastKnownFileType = sourcecode.swift; path = MapViewController.swift; sourceTree = "<group>"; };
		4339FFA61D3C08DA00CF0EDF /* PhotoViewController.swift */ = {isa = PBXFileReference; fileEncoding = 4; lastKnownFileType = sourcecode.swift; path = PhotoViewController.swift; sourceTree = "<group>"; };
		4339FFA71D3C08DA00CF0EDF /* Track.swift */ = {isa = PBXFileReference; fileEncoding = 4; lastKnownFileType = sourcecode.swift; path = Track.swift; sourceTree = "<group>"; };
		4339FFAC1D3C12A700CF0EDF /* CoreLocation.framework */ = {isa = PBXFileReference; lastKnownFileType = wrapper.framework; name = CoreLocation.framework; path = System/Library/Frameworks/CoreLocation.framework; sourceTree = SDKROOT; };
		4339FFAE1D3C12C900CF0EDF /* MapKit.framework */ = {isa = PBXFileReference; lastKnownFileType = wrapper.framework; name = MapKit.framework; path = System/Library/Frameworks/MapKit.framework; sourceTree = SDKROOT; };
		436997C41D666A7900F8644A /* ProfileViewController.swift */ = {isa = PBXFileReference; fileEncoding = 4; lastKnownFileType = sourcecode.swift; path = ProfileViewController.swift; sourceTree = "<group>"; };
		43954B641D3D65FC00ED41A4 /* FirebaseHelper.swift */ = {isa = PBXFileReference; fileEncoding = 4; lastKnownFileType = sourcecode.swift; path = FirebaseHelper.swift; sourceTree = "<group>"; };
		43B3CE431D5A8106003F5021 /* Footprint.swift */ = {isa = PBXFileReference; fileEncoding = 4; lastKnownFileType = sourcecode.swift; path = Footprint.swift; sourceTree = "<group>"; };
		43B3CE451D5AB1CF003F5021 /* blue.png */ = {isa = PBXFileReference; lastKnownFileType = image.png; path = blue.png; sourceTree = "<group>"; };
		43B3CE471D5AB1D7003F5021 /* default.png */ = {isa = PBXFileReference; lastKnownFileType = image.png; path = default.png; sourceTree = "<group>"; };
		43B3CE491D5AB1DB003F5021 /* purple.png */ = {isa = PBXFileReference; lastKnownFileType = image.png; path = purple.png; sourceTree = "<group>"; };
		43B3CE4B1D5AB1E1003F5021 /* red.png */ = {isa = PBXFileReference; lastKnownFileType = image.png; path = red.png; sourceTree = "<group>"; };
		43B3CE4D1D5BE087003F5021 /* AddTrackViewController.swift */ = {isa = PBXFileReference; fileEncoding = 4; lastKnownFileType = sourcecode.swift; path = AddTrackViewController.swift; sourceTree = "<group>"; };
		43BB347B1D67818300AAA151 /* FootprintsTableViewController.swift */ = {isa = PBXFileReference; fileEncoding = 4; lastKnownFileType = sourcecode.swift; path = FootprintsTableViewController.swift; sourceTree = "<group>"; };
		43BB347D1D678A8000AAA151 /* FootprintViewController.swift */ = {isa = PBXFileReference; fileEncoding = 4; lastKnownFileType = sourcecode.swift; path = FootprintViewController.swift; sourceTree = "<group>"; };
		43BB347F1D67DDC500AAA151 /* ProfileCollectionViewCell.swift */ = {isa = PBXFileReference; fileEncoding = 4; lastKnownFileType = sourcecode.swift; path = ProfileCollectionViewCell.swift; sourceTree = "<group>"; };
		43BB34811D67E26C00AAA151 /* FootprintTableViewCell.swift */ = {isa = PBXFileReference; fileEncoding = 4; lastKnownFileType = sourcecode.swift; path = FootprintTableViewCell.swift; sourceTree = "<group>"; };
		43D6EE621D418C6900A2DF31 /* User.swift */ = {isa = PBXFileReference; fileEncoding = 4; lastKnownFileType = sourcecode.swift; path = User.swift; sourceTree = "<group>"; };
		60311EA62C719B42BEAB4AE1 /* Pods_TrackUITests.framework */ = {isa = PBXFileReference; explicitFileType = wrapper.framework; includeInIndex = 0; path = Pods_TrackUITests.framework; sourceTree = BUILT_PRODUCTS_DIR; };
		83DEE34DF705F452FA36DC55 /* Pods-TrackUITests.debug.xcconfig */ = {isa = PBXFileReference; includeInIndex = 1; lastKnownFileType = text.xcconfig; name = "Pods-TrackUITests.debug.xcconfig"; path = "Pods/Target Support Files/Pods-TrackUITests/Pods-TrackUITests.debug.xcconfig"; sourceTree = "<group>"; };
		A6A07D5A6E9287E3D59FD03A /* Pods-Track.debug.xcconfig */ = {isa = PBXFileReference; includeInIndex = 1; lastKnownFileType = text.xcconfig; name = "Pods-Track.debug.xcconfig"; path = "Pods/Target Support Files/Pods-Track/Pods-Track.debug.xcconfig"; sourceTree = "<group>"; };
		EB9C9141C61B85A8E20AD1A4 /* Pods-TrackTests.debug.xcconfig */ = {isa = PBXFileReference; includeInIndex = 1; lastKnownFileType = text.xcconfig; name = "Pods-TrackTests.debug.xcconfig"; path = "Pods/Target Support Files/Pods-TrackTests/Pods-TrackTests.debug.xcconfig"; sourceTree = "<group>"; };
		F3949CB6D513B69CF03B993C /* Pods-TrackTests.release.xcconfig */ = {isa = PBXFileReference; includeInIndex = 1; lastKnownFileType = text.xcconfig; name = "Pods-TrackTests.release.xcconfig"; path = "Pods/Target Support Files/Pods-TrackTests/Pods-TrackTests.release.xcconfig"; sourceTree = "<group>"; };
/* End PBXFileReference section */

/* Begin PBXFrameworksBuildPhase section */
		4339FF691D3AD07100CF0EDF /* Frameworks */ = {
			isa = PBXFrameworksBuildPhase;
			buildActionMask = 2147483647;
			files = (
				4339FFAF1D3C12C900CF0EDF /* MapKit.framework in Frameworks */,
				4339FFAD1D3C12A700CF0EDF /* CoreLocation.framework in Frameworks */,
				80716D0B09302EDD9CDCFF1D /* Pods_Track.framework in Frameworks */,
			);
			runOnlyForDeploymentPostprocessing = 0;
		};
		4339FF7D1D3AD07100CF0EDF /* Frameworks */ = {
			isa = PBXFrameworksBuildPhase;
			buildActionMask = 2147483647;
			files = (
				9D32F4C32CD23ECF50ABF880 /* Pods_TrackTests.framework in Frameworks */,
			);
			runOnlyForDeploymentPostprocessing = 0;
		};
		4339FF881D3AD07100CF0EDF /* Frameworks */ = {
			isa = PBXFrameworksBuildPhase;
			buildActionMask = 2147483647;
			files = (
				11239E150434625B36AA3120 /* Pods_TrackUITests.framework in Frameworks */,
			);
			runOnlyForDeploymentPostprocessing = 0;
		};
/* End PBXFrameworksBuildPhase section */

/* Begin PBXGroup section */
		4339FF631D3AD07100CF0EDF = {
			isa = PBXGroup;
			children = (
				4339FF6E1D3AD07100CF0EDF /* Track */,
				4339FF831D3AD07100CF0EDF /* TrackTests */,
				4339FF8E1D3AD07100CF0EDF /* TrackUITests */,
				4339FF6D1D3AD07100CF0EDF /* Products */,
				E21A391D170BFF815DB8D170 /* Frameworks */,
				55D50FECAAD164081861E39C /* Pods */,
			);
			sourceTree = "<group>";
		};
		4339FF6D1D3AD07100CF0EDF /* Products */ = {
			isa = PBXGroup;
			children = (
				4339FF6C1D3AD07100CF0EDF /* Track.app */,
				4339FF801D3AD07100CF0EDF /* TrackTests.xctest */,
				4339FF8B1D3AD07100CF0EDF /* TrackUITests.xctest */,
			);
			name = Products;
			sourceTree = "<group>";
		};
		4339FF6E1D3AD07100CF0EDF /* Track */ = {
			isa = PBXGroup;
			children = (
				43B3CE451D5AB1CF003F5021 /* blue.png */,
				43B3CE491D5AB1DB003F5021 /* purple.png */,
				43B3CE4B1D5AB1E1003F5021 /* red.png */,
				43B3CE471D5AB1D7003F5021 /* default.png */,
				43954B641D3D65FC00ED41A4 /* FirebaseHelper.swift */,
				4339FFAB1D3C091200CF0EDF /* Controllers */,
				4339FFAA1D3C090B00CF0EDF /* Models */,
				4339FF6F1D3AD07100CF0EDF /* AppDelegate.swift */,
				4339FF731D3AD07100CF0EDF /* Main.storyboard */,
				4339FF761D3AD07100CF0EDF /* Assets.xcassets */,
				4339FF9D1D3AD0A200CF0EDF /* GoogleService-Info.plist */,
				4339FF781D3AD07100CF0EDF /* LaunchScreen.storyboard */,
				4339FF7B1D3AD07100CF0EDF /* Info.plist */,
			);
			path = Track;
			sourceTree = "<group>";
		};
		4339FF831D3AD07100CF0EDF /* TrackTests */ = {
			isa = PBXGroup;
			children = (
				4339FF841D3AD07100CF0EDF /* TrackTests.swift */,
				4339FF861D3AD07100CF0EDF /* Info.plist */,
			);
			path = TrackTests;
			sourceTree = "<group>";
		};
		4339FF8E1D3AD07100CF0EDF /* TrackUITests */ = {
			isa = PBXGroup;
			children = (
				4339FF8F1D3AD07100CF0EDF /* TrackUITests.swift */,
				4339FF911D3AD07100CF0EDF /* Info.plist */,
			);
			path = TrackUITests;
			sourceTree = "<group>";
		};
		4339FFAA1D3C090B00CF0EDF /* Models */ = {
			isa = PBXGroup;
			children = (
				43D6EE621D418C6900A2DF31 /* User.swift */,
				4339FFA71D3C08DA00CF0EDF /* Track.swift */,
				43B3CE431D5A8106003F5021 /* Footprint.swift */,
			);
			name = Models;
			sourceTree = "<group>";
		};
		4339FFAB1D3C091200CF0EDF /* Controllers */ = {
			isa = PBXGroup;
			children = (
				4339FFA61D3C08DA00CF0EDF /* PhotoViewController.swift */,
				4339FFA11D3AEE0500CF0EDF /* LoginViewController.swift */,
				4339FFA41D3C068700CF0EDF /* MapViewController.swift */,
				43B3CE4D1D5BE087003F5021 /* AddTrackViewController.swift */,
				436997C41D666A7900F8644A /* ProfileViewController.swift */,
				43BB347B1D67818300AAA151 /* FootprintsTableViewController.swift */,
				43BB347D1D678A8000AAA151 /* FootprintViewController.swift */,
				43BB347F1D67DDC500AAA151 /* ProfileCollectionViewCell.swift */,
				43BB34811D67E26C00AAA151 /* FootprintTableViewCell.swift */,
			);
			name = Controllers;
			sourceTree = "<group>";
		};
		55D50FECAAD164081861E39C /* Pods */ = {
			isa = PBXGroup;
			children = (
				A6A07D5A6E9287E3D59FD03A /* Pods-Track.debug.xcconfig */,
				252C320F0C364D30DEA0DB59 /* Pods-Track.release.xcconfig */,
				EB9C9141C61B85A8E20AD1A4 /* Pods-TrackTests.debug.xcconfig */,
				F3949CB6D513B69CF03B993C /* Pods-TrackTests.release.xcconfig */,
				83DEE34DF705F452FA36DC55 /* Pods-TrackUITests.debug.xcconfig */,
				3DEFEBBFCC19AE1F1E85CB49 /* Pods-TrackUITests.release.xcconfig */,
			);
			name = Pods;
			sourceTree = "<group>";
		};
		E21A391D170BFF815DB8D170 /* Frameworks */ = {
			isa = PBXGroup;
			children = (
				4339FFAE1D3C12C900CF0EDF /* MapKit.framework */,
				4339FFAC1D3C12A700CF0EDF /* CoreLocation.framework */,
				2DECB8F5B21EA16FE76BE8C0 /* Pods_Track.framework */,
				271997515E6E0983A89A0111 /* Pods_TrackTests.framework */,
				60311EA62C719B42BEAB4AE1 /* Pods_TrackUITests.framework */,
			);
			name = Frameworks;
			sourceTree = "<group>";
		};
/* End PBXGroup section */

/* Begin PBXNativeTarget section */
		4339FF6B1D3AD07100CF0EDF /* Track */ = {
			isa = PBXNativeTarget;
			buildConfigurationList = 4339FF941D3AD07100CF0EDF /* Build configuration list for PBXNativeTarget "Track" */;
			buildPhases = (
				38D04BE1D6020B16112843B7 /* [CP] Check Pods Manifest.lock */,
				4339FF681D3AD07100CF0EDF /* Sources */,
				4339FF691D3AD07100CF0EDF /* Frameworks */,
				4339FF6A1D3AD07100CF0EDF /* Resources */,
				D9355C67C2103EB7DE542EAA /* [CP] Embed Pods Frameworks */,
				531E8FA11319886CCFD7D39A /* [CP] Copy Pods Resources */,
			);
			buildRules = (
			);
			dependencies = (
			);
			name = Track;
			productName = Track;
			productReference = 4339FF6C1D3AD07100CF0EDF /* Track.app */;
			productType = "com.apple.product-type.application";
		};
		4339FF7F1D3AD07100CF0EDF /* TrackTests */ = {
			isa = PBXNativeTarget;
			buildConfigurationList = 4339FF971D3AD07100CF0EDF /* Build configuration list for PBXNativeTarget "TrackTests" */;
			buildPhases = (
				4B149CD999FAD2979B0B2F02 /* [CP] Check Pods Manifest.lock */,
				4339FF7C1D3AD07100CF0EDF /* Sources */,
				4339FF7D1D3AD07100CF0EDF /* Frameworks */,
				4339FF7E1D3AD07100CF0EDF /* Resources */,
				7D0129CC6E7ADE9A47C782E8 /* [CP] Embed Pods Frameworks */,
				3C257B1F366EC1793D27392A /* [CP] Copy Pods Resources */,
			);
			buildRules = (
			);
			dependencies = (
				4339FF821D3AD07100CF0EDF /* PBXTargetDependency */,
			);
			name = TrackTests;
			productName = TrackTests;
			productReference = 4339FF801D3AD07100CF0EDF /* TrackTests.xctest */;
			productType = "com.apple.product-type.bundle.unit-test";
		};
		4339FF8A1D3AD07100CF0EDF /* TrackUITests */ = {
			isa = PBXNativeTarget;
			buildConfigurationList = 4339FF9A1D3AD07100CF0EDF /* Build configuration list for PBXNativeTarget "TrackUITests" */;
			buildPhases = (
				60CB77B44E29A9BC7DC4F906 /* [CP] Check Pods Manifest.lock */,
				4339FF871D3AD07100CF0EDF /* Sources */,
				4339FF881D3AD07100CF0EDF /* Frameworks */,
				4339FF891D3AD07100CF0EDF /* Resources */,
				DAF9196DBF36ACD63F58AE1B /* [CP] Copy Pods Resources */,
			);
			buildRules = (
			);
			dependencies = (
				4339FF8D1D3AD07100CF0EDF /* PBXTargetDependency */,
			);
			name = TrackUITests;
			productName = TrackUITests;
			productReference = 4339FF8B1D3AD07100CF0EDF /* TrackUITests.xctest */;
			productType = "com.apple.product-type.bundle.ui-testing";
		};
/* End PBXNativeTarget section */

/* Begin PBXProject section */
		4339FF641D3AD07100CF0EDF /* Project object */ = {
			isa = PBXProject;
			attributes = {
				LastSwiftUpdateCheck = 0730;
				LastUpgradeCheck = 0730;
				ORGANIZATIONNAME = melbo;
				TargetAttributes = {
					4339FF6B1D3AD07100CF0EDF = {
						CreatedOnToolsVersion = 7.3.1;
					};
					4339FF7F1D3AD07100CF0EDF = {
						CreatedOnToolsVersion = 7.3.1;
						TestTargetID = 4339FF6B1D3AD07100CF0EDF;
					};
					4339FF8A1D3AD07100CF0EDF = {
						CreatedOnToolsVersion = 7.3.1;
						TestTargetID = 4339FF6B1D3AD07100CF0EDF;
					};
				};
			};
			buildConfigurationList = 4339FF671D3AD07100CF0EDF /* Build configuration list for PBXProject "Track" */;
			compatibilityVersion = "Xcode 3.2";
			developmentRegion = English;
			hasScannedForEncodings = 0;
			knownRegions = (
				en,
				Base,
			);
			mainGroup = 4339FF631D3AD07100CF0EDF;
			productRefGroup = 4339FF6D1D3AD07100CF0EDF /* Products */;
			projectDirPath = "";
			projectRoot = "";
			targets = (
				4339FF6B1D3AD07100CF0EDF /* Track */,
				4339FF7F1D3AD07100CF0EDF /* TrackTests */,
				4339FF8A1D3AD07100CF0EDF /* TrackUITests */,
			);
		};
/* End PBXProject section */

/* Begin PBXResourcesBuildPhase section */
		4339FF6A1D3AD07100CF0EDF /* Resources */ = {
			isa = PBXResourcesBuildPhase;
			buildActionMask = 2147483647;
			files = (
				4339FF7A1D3AD07100CF0EDF /* LaunchScreen.storyboard in Resources */,
				43B3CE461D5AB1CF003F5021 /* blue.png in Resources */,
				43B3CE4A1D5AB1DB003F5021 /* purple.png in Resources */,
				4339FF9E1D3AD0A200CF0EDF /* GoogleService-Info.plist in Resources */,
				4339FF771D3AD07100CF0EDF /* Assets.xcassets in Resources */,
				43B3CE4C1D5AB1E1003F5021 /* red.png in Resources */,
				4339FF751D3AD07100CF0EDF /* Main.storyboard in Resources */,
				43B3CE481D5AB1D7003F5021 /* default.png in Resources */,
			);
			runOnlyForDeploymentPostprocessing = 0;
		};
		4339FF7E1D3AD07100CF0EDF /* Resources */ = {
			isa = PBXResourcesBuildPhase;
			buildActionMask = 2147483647;
			files = (
			);
			runOnlyForDeploymentPostprocessing = 0;
		};
		4339FF891D3AD07100CF0EDF /* Resources */ = {
			isa = PBXResourcesBuildPhase;
			buildActionMask = 2147483647;
			files = (
			);
			runOnlyForDeploymentPostprocessing = 0;
		};
/* End PBXResourcesBuildPhase section */

/* Begin PBXShellScriptBuildPhase section */
		38D04BE1D6020B16112843B7 /* [CP] Check Pods Manifest.lock */ = {
			isa = PBXShellScriptBuildPhase;
			buildActionMask = 2147483647;
			files = (
			);
			inputPaths = (
			);
			name = "[CP] Check Pods Manifest.lock";
			outputPaths = (
			);
			runOnlyForDeploymentPostprocessing = 0;
			shellPath = /bin/sh;
			shellScript = "diff \"${PODS_ROOT}/../Podfile.lock\" \"${PODS_ROOT}/Manifest.lock\" > /dev/null\nif [[ $? != 0 ]] ; then\n    cat << EOM\nerror: The sandbox is not in sync with the Podfile.lock. Run 'pod install' or update your CocoaPods installation.\nEOM\n    exit 1\nfi\n";
			showEnvVarsInLog = 0;
		};
		3C257B1F366EC1793D27392A /* [CP] Copy Pods Resources */ = {
			isa = PBXShellScriptBuildPhase;
			buildActionMask = 2147483647;
			files = (
			);
			inputPaths = (
			);
			name = "[CP] Copy Pods Resources";
			outputPaths = (
			);
			runOnlyForDeploymentPostprocessing = 0;
			shellPath = /bin/sh;
			shellScript = "\"${SRCROOT}/Pods/Target Support Files/Pods-TrackTests/Pods-TrackTests-resources.sh\"\n";
			showEnvVarsInLog = 0;
		};
		4B149CD999FAD2979B0B2F02 /* [CP] Check Pods Manifest.lock */ = {
			isa = PBXShellScriptBuildPhase;
			buildActionMask = 2147483647;
			files = (
			);
			inputPaths = (
			);
			name = "[CP] Check Pods Manifest.lock";
			outputPaths = (
			);
			runOnlyForDeploymentPostprocessing = 0;
			shellPath = /bin/sh;
			shellScript = "diff \"${PODS_ROOT}/../Podfile.lock\" \"${PODS_ROOT}/Manifest.lock\" > /dev/null\nif [[ $? != 0 ]] ; then\n    cat << EOM\nerror: The sandbox is not in sync with the Podfile.lock. Run 'pod install' or update your CocoaPods installation.\nEOM\n    exit 1\nfi\n";
			showEnvVarsInLog = 0;
		};
		531E8FA11319886CCFD7D39A /* [CP] Copy Pods Resources */ = {
			isa = PBXShellScriptBuildPhase;
			buildActionMask = 2147483647;
			files = (
			);
			inputPaths = (
			);
			name = "[CP] Copy Pods Resources";
			outputPaths = (
			);
			runOnlyForDeploymentPostprocessing = 0;
			shellPath = /bin/sh;
			shellScript = "\"${SRCROOT}/Pods/Target Support Files/Pods-Track/Pods-Track-resources.sh\"\n";
			showEnvVarsInLog = 0;
		};
		60CB77B44E29A9BC7DC4F906 /* [CP] Check Pods Manifest.lock */ = {
			isa = PBXShellScriptBuildPhase;
			buildActionMask = 2147483647;
			files = (
			);
			inputPaths = (
			);
			name = "[CP] Check Pods Manifest.lock";
			outputPaths = (
			);
			runOnlyForDeploymentPostprocessing = 0;
			shellPath = /bin/sh;
			shellScript = "diff \"${PODS_ROOT}/../Podfile.lock\" \"${PODS_ROOT}/Manifest.lock\" > /dev/null\nif [[ $? != 0 ]] ; then\n    cat << EOM\nerror: The sandbox is not in sync with the Podfile.lock. Run 'pod install' or update your CocoaPods installation.\nEOM\n    exit 1\nfi\n";
			showEnvVarsInLog = 0;
		};
		7D0129CC6E7ADE9A47C782E8 /* [CP] Embed Pods Frameworks */ = {
			isa = PBXShellScriptBuildPhase;
			buildActionMask = 2147483647;
			files = (
			);
			inputPaths = (
			);
			name = "[CP] Embed Pods Frameworks";
			outputPaths = (
			);
			runOnlyForDeploymentPostprocessing = 0;
			shellPath = /bin/sh;
			shellScript = "\"${SRCROOT}/Pods/Target Support Files/Pods-TrackTests/Pods-TrackTests-frameworks.sh\"\n";
			showEnvVarsInLog = 0;
		};
		D9355C67C2103EB7DE542EAA /* [CP] Embed Pods Frameworks */ = {
			isa = PBXShellScriptBuildPhase;
			buildActionMask = 2147483647;
			files = (
			);
			inputPaths = (
			);
			name = "[CP] Embed Pods Frameworks";
			outputPaths = (
			);
			runOnlyForDeploymentPostprocessing = 0;
			shellPath = /bin/sh;
			shellScript = "\"${SRCROOT}/Pods/Target Support Files/Pods-Track/Pods-Track-frameworks.sh\"\n";
			showEnvVarsInLog = 0;
		};
		DAF9196DBF36ACD63F58AE1B /* [CP] Copy Pods Resources */ = {
			isa = PBXShellScriptBuildPhase;
			buildActionMask = 2147483647;
			files = (
			);
			inputPaths = (
			);
			name = "[CP] Copy Pods Resources";
			outputPaths = (
			);
			runOnlyForDeploymentPostprocessing = 0;
			shellPath = /bin/sh;
			shellScript = "\"${SRCROOT}/Pods/Target Support Files/Pods-TrackUITests/Pods-TrackUITests-resources.sh\"\n";
			showEnvVarsInLog = 0;
		};
/* End PBXShellScriptBuildPhase section */

/* Begin PBXSourcesBuildPhase section */
		4339FF681D3AD07100CF0EDF /* Sources */ = {
			isa = PBXSourcesBuildPhase;
			buildActionMask = 2147483647;
			files = (
				43954B651D3D65FC00ED41A4 /* FirebaseHelper.swift in Sources */,
				43B3CE441D5A8106003F5021 /* Footprint.swift in Sources */,
				436997C51D666A7900F8644A /* ProfileViewController.swift in Sources */,
				4339FFA21D3AEE0500CF0EDF /* LoginViewController.swift in Sources */,
				43BB347C1D67818300AAA151 /* FootprintsTableViewController.swift in Sources */,
				4339FF701D3AD07100CF0EDF /* AppDelegate.swift in Sources */,
				43D6EE631D418C6900A2DF31 /* User.swift in Sources */,
				4339FFA51D3C068700CF0EDF /* MapViewController.swift in Sources */,
				43BB34801D67DDC500AAA151 /* ProfileCollectionViewCell.swift in Sources */,
				43BB347E1D678A8000AAA151 /* FootprintViewController.swift in Sources */,
				43B3CE4E1D5BE087003F5021 /* AddTrackViewController.swift in Sources */,
				4339FFA81D3C08DA00CF0EDF /* PhotoViewController.swift in Sources */,
				4339FFA91D3C08DA00CF0EDF /* Track.swift in Sources */,
				43BB34821D67E26C00AAA151 /* FootprintTableViewCell.swift in Sources */,
			);
			runOnlyForDeploymentPostprocessing = 0;
		};
		4339FF7C1D3AD07100CF0EDF /* Sources */ = {
			isa = PBXSourcesBuildPhase;
			buildActionMask = 2147483647;
			files = (
				4339FF851D3AD07100CF0EDF /* TrackTests.swift in Sources */,
			);
			runOnlyForDeploymentPostprocessing = 0;
		};
		4339FF871D3AD07100CF0EDF /* Sources */ = {
			isa = PBXSourcesBuildPhase;
			buildActionMask = 2147483647;
			files = (
				4339FF901D3AD07100CF0EDF /* TrackUITests.swift in Sources */,
			);
			runOnlyForDeploymentPostprocessing = 0;
		};
/* End PBXSourcesBuildPhase section */

/* Begin PBXTargetDependency section */
		4339FF821D3AD07100CF0EDF /* PBXTargetDependency */ = {
			isa = PBXTargetDependency;
			target = 4339FF6B1D3AD07100CF0EDF /* Track */;
			targetProxy = 4339FF811D3AD07100CF0EDF /* PBXContainerItemProxy */;
		};
		4339FF8D1D3AD07100CF0EDF /* PBXTargetDependency */ = {
			isa = PBXTargetDependency;
			target = 4339FF6B1D3AD07100CF0EDF /* Track */;
			targetProxy = 4339FF8C1D3AD07100CF0EDF /* PBXContainerItemProxy */;
		};
/* End PBXTargetDependency section */

/* Begin PBXVariantGroup section */
		4339FF731D3AD07100CF0EDF /* Main.storyboard */ = {
			isa = PBXVariantGroup;
			children = (
				4339FF741D3AD07100CF0EDF /* Base */,
			);
			name = Main.storyboard;
			sourceTree = "<group>";
		};
		4339FF781D3AD07100CF0EDF /* LaunchScreen.storyboard */ = {
			isa = PBXVariantGroup;
			children = (
				4339FF791D3AD07100CF0EDF /* Base */,
			);
			name = LaunchScreen.storyboard;
			sourceTree = "<group>";
		};
/* End PBXVariantGroup section */

/* Begin XCBuildConfiguration section */
		4339FF921D3AD07100CF0EDF /* Debug */ = {
			isa = XCBuildConfiguration;
			buildSettings = {
				ALWAYS_SEARCH_USER_PATHS = NO;
				CLANG_ANALYZER_NONNULL = YES;
				CLANG_CXX_LANGUAGE_STANDARD = "gnu++0x";
				CLANG_CXX_LIBRARY = "libc++";
				CLANG_ENABLE_MODULES = YES;
				CLANG_ENABLE_OBJC_ARC = YES;
				CLANG_WARN_BOOL_CONVERSION = YES;
				CLANG_WARN_CONSTANT_CONVERSION = YES;
				CLANG_WARN_DIRECT_OBJC_ISA_USAGE = YES_ERROR;
				CLANG_WARN_EMPTY_BODY = YES;
				CLANG_WARN_ENUM_CONVERSION = YES;
				CLANG_WARN_INT_CONVERSION = YES;
				CLANG_WARN_OBJC_ROOT_CLASS = YES_ERROR;
				CLANG_WARN_UNREACHABLE_CODE = YES;
				CLANG_WARN__DUPLICATE_METHOD_MATCH = YES;
				"CODE_SIGN_IDENTITY[sdk=iphoneos*]" = "iPhone Developer";
				COPY_PHASE_STRIP = NO;
				DEBUG_INFORMATION_FORMAT = dwarf;
				ENABLE_STRICT_OBJC_MSGSEND = YES;
				ENABLE_TESTABILITY = YES;
				GCC_C_LANGUAGE_STANDARD = gnu99;
				GCC_DYNAMIC_NO_PIC = NO;
				GCC_NO_COMMON_BLOCKS = YES;
				GCC_OPTIMIZATION_LEVEL = 0;
				GCC_PREPROCESSOR_DEFINITIONS = (
					"DEBUG=1",
					"$(inherited)",
				);
				GCC_WARN_64_TO_32_BIT_CONVERSION = YES;
				GCC_WARN_ABOUT_RETURN_TYPE = YES_ERROR;
				GCC_WARN_UNDECLARED_SELECTOR = YES;
				GCC_WARN_UNINITIALIZED_AUTOS = YES_AGGRESSIVE;
				GCC_WARN_UNUSED_FUNCTION = YES;
				GCC_WARN_UNUSED_VARIABLE = YES;
				IPHONEOS_DEPLOYMENT_TARGET = 9.3;
				MTL_ENABLE_DEBUG_INFO = YES;
				ONLY_ACTIVE_ARCH = YES;
				SDKROOT = iphoneos;
				SWIFT_OPTIMIZATION_LEVEL = "-Onone";
			};
			name = Debug;
		};
		4339FF931D3AD07100CF0EDF /* Release */ = {
			isa = XCBuildConfiguration;
			buildSettings = {
				ALWAYS_SEARCH_USER_PATHS = NO;
				CLANG_ANALYZER_NONNULL = YES;
				CLANG_CXX_LANGUAGE_STANDARD = "gnu++0x";
				CLANG_CXX_LIBRARY = "libc++";
				CLANG_ENABLE_MODULES = YES;
				CLANG_ENABLE_OBJC_ARC = YES;
				CLANG_WARN_BOOL_CONVERSION = YES;
				CLANG_WARN_CONSTANT_CONVERSION = YES;
				CLANG_WARN_DIRECT_OBJC_ISA_USAGE = YES_ERROR;
				CLANG_WARN_EMPTY_BODY = YES;
				CLANG_WARN_ENUM_CONVERSION = YES;
				CLANG_WARN_INT_CONVERSION = YES;
				CLANG_WARN_OBJC_ROOT_CLASS = YES_ERROR;
				CLANG_WARN_UNREACHABLE_CODE = YES;
				CLANG_WARN__DUPLICATE_METHOD_MATCH = YES;
				"CODE_SIGN_IDENTITY[sdk=iphoneos*]" = "iPhone Developer";
				COPY_PHASE_STRIP = NO;
				DEBUG_INFORMATION_FORMAT = "dwarf-with-dsym";
				ENABLE_NS_ASSERTIONS = NO;
				ENABLE_STRICT_OBJC_MSGSEND = YES;
				GCC_C_LANGUAGE_STANDARD = gnu99;
				GCC_NO_COMMON_BLOCKS = YES;
				GCC_WARN_64_TO_32_BIT_CONVERSION = YES;
				GCC_WARN_ABOUT_RETURN_TYPE = YES_ERROR;
				GCC_WARN_UNDECLARED_SELECTOR = YES;
				GCC_WARN_UNINITIALIZED_AUTOS = YES_AGGRESSIVE;
				GCC_WARN_UNUSED_FUNCTION = YES;
				GCC_WARN_UNUSED_VARIABLE = YES;
				IPHONEOS_DEPLOYMENT_TARGET = 9.3;
				MTL_ENABLE_DEBUG_INFO = NO;
				SDKROOT = iphoneos;
				VALIDATE_PRODUCT = YES;
			};
			name = Release;
		};
		4339FF951D3AD07100CF0EDF /* Debug */ = {
			isa = XCBuildConfiguration;
			baseConfigurationReference = A6A07D5A6E9287E3D59FD03A /* Pods-Track.debug.xcconfig */;
			buildSettings = {
				ASSETCATALOG_COMPILER_APPICON_NAME = AppIcon;
				ENABLE_BITCODE = YES;
				INFOPLIST_FILE = Track/Info.plist;
				LD_RUNPATH_SEARCH_PATHS = "$(inherited) @executable_path/Frameworks";
				PRODUCT_BUNDLE_IDENTIFIER = melbo.co.Track;
				PRODUCT_NAME = "$(TARGET_NAME)";
			};
			name = Debug;
		};
		4339FF961D3AD07100CF0EDF /* Release */ = {
			isa = XCBuildConfiguration;
			baseConfigurationReference = 252C320F0C364D30DEA0DB59 /* Pods-Track.release.xcconfig */;
			buildSettings = {
				ASSETCATALOG_COMPILER_APPICON_NAME = AppIcon;
				ENABLE_BITCODE = YES;
				INFOPLIST_FILE = Track/Info.plist;
				LD_RUNPATH_SEARCH_PATHS = "$(inherited) @executable_path/Frameworks";
				PRODUCT_BUNDLE_IDENTIFIER = melbo.co.Track;
				PRODUCT_NAME = "$(TARGET_NAME)";
			};
			name = Release;
		};
		4339FF981D3AD07100CF0EDF /* Debug */ = {
			isa = XCBuildConfiguration;
			baseConfigurationReference = EB9C9141C61B85A8E20AD1A4 /* Pods-TrackTests.debug.xcconfig */;
			buildSettings = {
				BUNDLE_LOADER = "$(TEST_HOST)";
				INFOPLIST_FILE = TrackTests/Info.plist;
				LD_RUNPATH_SEARCH_PATHS = "$(inherited) @executable_path/Frameworks @loader_path/Frameworks";
				PRODUCT_BUNDLE_IDENTIFIER = melbo.co.TrackTests;
				PRODUCT_NAME = "$(TARGET_NAME)";
				TEST_HOST = "$(BUILT_PRODUCTS_DIR)/Track.app/Track";
			};
			name = Debug;
		};
		4339FF991D3AD07100CF0EDF /* Release */ = {
			isa = XCBuildConfiguration;
			baseConfigurationReference = F3949CB6D513B69CF03B993C /* Pods-TrackTests.release.xcconfig */;
			buildSettings = {
				BUNDLE_LOADER = "$(TEST_HOST)";
				INFOPLIST_FILE = TrackTests/Info.plist;
				LD_RUNPATH_SEARCH_PATHS = "$(inherited) @executable_path/Frameworks @loader_path/Frameworks";
				PRODUCT_BUNDLE_IDENTIFIER = melbo.co.TrackTests;
				PRODUCT_NAME = "$(TARGET_NAME)";
				TEST_HOST = "$(BUILT_PRODUCTS_DIR)/Track.app/Track";
			};
			name = Release;
		};
		4339FF9B1D3AD07100CF0EDF /* Debug */ = {
			isa = XCBuildConfiguration;
			baseConfigurationReference = 83DEE34DF705F452FA36DC55 /* Pods-TrackUITests.debug.xcconfig */;
			buildSettings = {
				INFOPLIST_FILE = TrackUITests/Info.plist;
				LD_RUNPATH_SEARCH_PATHS = "$(inherited) @executable_path/Frameworks @loader_path/Frameworks";
				PRODUCT_BUNDLE_IDENTIFIER = melbo.co.TrackUITests;
				PRODUCT_NAME = "$(TARGET_NAME)";
				TEST_TARGET_NAME = Track;
			};
			name = Debug;
		};
		4339FF9C1D3AD07100CF0EDF /* Release */ = {
			isa = XCBuildConfiguration;
			baseConfigurationReference = 3DEFEBBFCC19AE1F1E85CB49 /* Pods-TrackUITests.release.xcconfig */;
			buildSettings = {
				INFOPLIST_FILE = TrackUITests/Info.plist;
				LD_RUNPATH_SEARCH_PATHS = "$(inherited) @executable_path/Frameworks @loader_path/Frameworks";
				PRODUCT_BUNDLE_IDENTIFIER = melbo.co.TrackUITests;
				PRODUCT_NAME = "$(TARGET_NAME)";
				TEST_TARGET_NAME = Track;
			};
			name = Release;
		};
/* End XCBuildConfiguration section */

/* Begin XCConfigurationList section */
		4339FF671D3AD07100CF0EDF /* Build configuration list for PBXProject "Track" */ = {
			isa = XCConfigurationList;
			buildConfigurations = (
				4339FF921D3AD07100CF0EDF /* Debug */,
				4339FF931D3AD07100CF0EDF /* Release */,
			);
			defaultConfigurationIsVisible = 0;
			defaultConfigurationName = Release;
		};
		4339FF941D3AD07100CF0EDF /* Build configuration list for PBXNativeTarget "Track" */ = {
			isa = XCConfigurationList;
			buildConfigurations = (
				4339FF951D3AD07100CF0EDF /* Debug */,
				4339FF961D3AD07100CF0EDF /* Release */,
			);
			defaultConfigurationIsVisible = 0;
			defaultConfigurationName = Release;
		};
		4339FF971D3AD07100CF0EDF /* Build configuration list for PBXNativeTarget "TrackTests" */ = {
			isa = XCConfigurationList;
			buildConfigurations = (
				4339FF981D3AD07100CF0EDF /* Debug */,
				4339FF991D3AD07100CF0EDF /* Release */,
			);
			defaultConfigurationIsVisible = 0;
			defaultConfigurationName = Release;
		};
		4339FF9A1D3AD07100CF0EDF /* Build configuration list for PBXNativeTarget "TrackUITests" */ = {
			isa = XCConfigurationList;
			buildConfigurations = (
				4339FF9B1D3AD07100CF0EDF /* Debug */,
				4339FF9C1D3AD07100CF0EDF /* Release */,
			);
			defaultConfigurationIsVisible = 0;
			defaultConfigurationName = Release;
		};
/* End XCConfigurationList section */
	};
	rootObject = 4339FF641D3AD07100CF0EDF /* Project object */;
}
